PODS:
  - Alamofire (4.7.3)
  - HPGrowingTextView (1.1)
  - NoChat (0.3.2)
  - NOCProtoKit (0.3.2)
  - YYText (1.0.7)

DEPENDENCIES:
  - Alamofire (~> 4.7)
  - HPGrowingTextView
  - NoChat
  - NOCProtoKit (from `../`)
  - YYText

SPEC REPOS:
  https://github.com/cocoapods/specs.git:
    - Alamofire
    - HPGrowingTextView
    - NoChat
    - YYText

EXTERNAL SOURCES:
  NOCProtoKit:
    :path: "../"

SPEC CHECKSUMS:
  Alamofire: c7287b6e5d7da964a70935e5db17046b7fde6568
  HPGrowingTextView: 88a716d97fb853bcb08a4a08e4727da17efc9b19
  NoChat: aaa980b8b29c0db8c8bd8ecde22e718cc8ad1bf7
  NOCProtoKit: 9a40eeb87fbf19d452ca620678d232f0759287af
  YYText: 5c461d709e24d55a182d1441c41dc639a18a4849

PODFILE CHECKSUM: 0c453a5db9e9a49a4ed1a8447e619b3f71bb8dcd

COCOAPODS: 1.5.3
